
Microsoft Visual Studio Solution File, Format Version 12.00
# Visual Studio Version 17
VisualStudioVersion = 17.4.33110.190
MinimumVisualStudioVersion = 10.0.40219.1
Project("{FAE04EC0-301F-11D3-BF4B-00C04F79EFBC}") = "BranchingTest", "BranchingTest\BranchingTest.csproj", "{77EA767D-38B8-40D8-BD54-6419EEBDAEDA}"
EndProject
Global
	GlobalSection(SolutionConfigurationPlatforms) = preSolution
		Debug|Any CPU = Debug|Any CPU
		Release|Any CPU = Release|Any CPU
	EndGlobalSection
	GlobalSection(ProjectConfigurationPlatforms) = postSolution
		{77EA767D-38B8-40D8-BD54-6419EEBDAEDA}.Debug|Any CPU.ActiveCfg = Debug|Any CPU
		{77EA767D-38B8-40D8-BD54-6419EEBDAEDA}.Debug|Any CPU.Build.0 = Debug|Any CPU
		{77EA767D-38B8-40D8-BD54-6419EEBDAEDA}.Release|Any CPU.ActiveCfg = Release|Any CPU
		{77EA767D-38B8-40D8-BD54-6419EEBDAEDA}.Release|Any CPU.Build.0 = Release|Any CPU
	EndGlobalSection
	GlobalSection(SolutionProperties) = preSolution
		HideSolutionNode = FALSE
	EndGlobalSection
	GlobalSection(ExtensibilityGlobals) = postSolution
		SolutionGuid = {651E9BCD-14F4-4D8C-B956-9E3147F56821}
	EndGlobalSection
EndGlobal
